// !$*UTF8*$!
{
	archiveVersion = 1;
	classes = {
	};
	objectVersion = 46;
	objects = {

/* Begin PBXBuildFile section */
		6D1108DA1A2DF3DA00A3BBDF /* giphy.gif in Resources */ = {isa = PBXBuildFile; fileRef = 6D1108D91A2DF3DA00A3BBDF /* giphy.gif */; };
		6D3BC9F719ADCD640024E179 /* NPPrefsController.m in Sources */ = {isa = PBXBuildFile; fileRef = 6D3BC9F619ADCD640024E179 /* NPPrefsController.m */; };
		6D3EC0691A39B97800AA6719 /* NPArtworkTagger.m in Sources */ = {isa = PBXBuildFile; fileRef = 6D3EC0681A39B97800AA6719 /* NPArtworkTagger.m */; };
		6D55988B1959C93C00C4B156 /* Cocoa.framework in Frameworks */ = {isa = PBXBuildFile; fileRef = 6D55988A1959C93C00C4B156 /* Cocoa.framework */; };
		6D5598951959C93C00C4B156 /* InfoPlist.strings in Resources */ = {isa = PBXBuildFile; fileRef = 6D5598931959C93C00C4B156 /* InfoPlist.strings */; };
		6D5598971959C93C00C4B156 /* main.m in Sources */ = {isa = PBXBuildFile; fileRef = 6D5598961959C93C00C4B156 /* main.m */; };
		6D55989B1959C93C00C4B156 /* Credits.rtf in Resources */ = {isa = PBXBuildFile; fileRef = 6D5598991959C93C00C4B156 /* Credits.rtf */; };
		6D55989E1959C93C00C4B156 /* NPAppDelegate.m in Sources */ = {isa = PBXBuildFile; fileRef = 6D55989D1959C93C00C4B156 /* NPAppDelegate.m */; };
		6D5598A11959C93C00C4B156 /* MainMenu.xib in Resources */ = {isa = PBXBuildFile; fileRef = 6D55989F1959C93C00C4B156 /* MainMenu.xib */; };
		6D5598A31959C93C00C4B156 /* Images.xcassets in Resources */ = {isa = PBXBuildFile; fileRef = 6D5598A21959C93C00C4B156 /* Images.xcassets */; };
		6D5598AA1959C93D00C4B156 /* XCTest.framework in Frameworks */ = {isa = PBXBuildFile; fileRef = 6D5598A91959C93D00C4B156 /* XCTest.framework */; };
		6D5598AB1959C93D00C4B156 /* Cocoa.framework in Frameworks */ = {isa = PBXBuildFile; fileRef = 6D55988A1959C93C00C4B156 /* Cocoa.framework */; };
		6D5598B31959C93D00C4B156 /* InfoPlist.strings in Resources */ = {isa = PBXBuildFile; fileRef = 6D5598B11959C93D00C4B156 /* InfoPlist.strings */; };
		6D5598B51959C93D00C4B156 /* NowP_Tests.m in Sources */ = {isa = PBXBuildFile; fileRef = 6D5598B41959C93D00C4B156 /* NowP_Tests.m */; };
		6D5598C61959D36F00C4B156 /* ScriptingBridge.framework in Frameworks */ = {isa = PBXBuildFile; fileRef = 6D5598C51959D36F00C4B156 /* ScriptingBridge.framework */; };
		6D729FCB19BF37C700B86E7C /* WebKit.framework in Frameworks */ = {isa = PBXBuildFile; fileRef = 6D729FCA19BF37C700B86E7C /* WebKit.framework */; };
		6D729FCE19BF471200B86E7C /* NPLoginController.m in Sources */ = {isa = PBXBuildFile; fileRef = 6D729FCD19BF471200B86E7C /* NPLoginController.m */; };
		6D729FD719C046B300B86E7C /* NSWindow+Responsibility.m in Sources */ = {isa = PBXBuildFile; fileRef = 6D729FD619C046B300B86E7C /* NSWindow+Responsibility.m */; };
		6D7C277A1965FD1E00C3E0CA /* Accounts.framework in Frameworks */ = {isa = PBXBuildFile; fileRef = 6D7C27791965FD1E00C3E0CA /* Accounts.framework */; };
		6D7C277C1965FEC300C3E0CA /* settings.plist in Resources */ = {isa = PBXBuildFile; fileRef = 6D7C277B1965FEC300C3E0CA /* settings.plist */; };
		6D91DED519950B9400A11C3E /* NPLyricsWindow.m in Sources */ = {isa = PBXBuildFile; fileRef = 6D91DED419950B9400A11C3E /* NPLyricsWindow.m */; };
		6D91DED919950C4D00A11C3E /* QuartzCore.framework in Frameworks */ = {isa = PBXBuildFile; fileRef = 6D91DED819950C4D00A11C3E /* QuartzCore.framework */; };
		6D999442195CA28E00246327 /* NPPopoverView.m in Sources */ = {isa = PBXBuildFile; fileRef = 6D999441195CA28E00246327 /* NPPopoverView.m */; };
		6D999445195CA39100246327 /* NPiTunesWorker.m in Sources */ = {isa = PBXBuildFile; fileRef = 6D999444195CA39100246327 /* NPiTunesWorker.m */; };
		6D999449195CB93000246327 /* NPImageView.m in Sources */ = {isa = PBXBuildFile; fileRef = 6D999448195CB93000246327 /* NPImageView.m */; };
		6D999450195CBE2500246327 /* NPView.m in Sources */ = {isa = PBXBuildFile; fileRef = 6D99944F195CBE2500246327 /* NPView.m */; };
		6DBDB9D519AF4499004F6854 /* embeddedPreferences.plist in Resources */ = {isa = PBXBuildFile; fileRef = 6DBDB9D419AF4499004F6854 /* embeddedPreferences.plist */; };
		6DBDB9D819AF4CFD004F6854 /* NSObject+DeepMutable.m in Sources */ = {isa = PBXBuildFile; fileRef = 6DBDB9D719AF4CFD004F6854 /* NSObject+DeepMutable.m */; };
		6DD009ED19AB8BC200609787 /* NSColor+Hex.m in Sources */ = {isa = PBXBuildFile; fileRef = 6DD009EC19AB8BC200609787 /* NSColor+Hex.m */; };
		6DD009F019AC773400609787 /* NPAppearance.m in Sources */ = {isa = PBXBuildFile; fileRef = 6DD009EF19AC773400609787 /* NPAppearance.m */; };
		6DD009F619AC797000609787 /* NPColoredTCell.m in Sources */ = {isa = PBXBuildFile; fileRef = 6DD009F519AC797000609787 /* NPColoredTCell.m */; };
		6DDB4D521A2F32EF005F9750 /* Utils.m in Sources */ = {isa = PBXBuildFile; fileRef = 6DDB4D511A2F32EF005F9750 /* Utils.m */; };
		6DEE09A619A4DCB7008F6142 /* NPMainHandler.m in Sources */ = {isa = PBXBuildFile; fileRef = 6DEE09A519A4DCB7008F6142 /* NPMainHandler.m */; };
		6DEE09A919A4DCBF008F6142 /* NPTextLayer.m in Sources */ = {isa = PBXBuildFile; fileRef = 6DEE09A819A4DCBF008F6142 /* NPTextLayer.m */; };
		6DEE09AE19A4DCD1008F6142 /* NSImage+Resize.m in Sources */ = {isa = PBXBuildFile; fileRef = 6DEE09AB19A4DCD1008F6142 /* NSImage+Resize.m */; };
		6DEE09AF19A4DCD1008F6142 /* NSString+Extra.m in Sources */ = {isa = PBXBuildFile; fileRef = 6DEE09AD19A4DCD1008F6142 /* NSString+Extra.m */; };
		6DEF9DA81A1F84CD00C543C5 /* NPStatusItemButton.m in Sources */ = {isa = PBXBuildFile; fileRef = 6DEF9DA71A1F84CD00C543C5 /* NPStatusItemButton.m */; };
		6DF8F2D51A2624A100316114 /* FbGraph.m in Sources */ = {isa = PBXBuildFile; fileRef = 6DF8F2D01A2624A100316114 /* FbGraph.m */; settings = {COMPILER_FLAGS = "-fno-objc-arc"; }; };
		6DF8F2D61A2624A100316114 /* FbGraphFile.m in Sources */ = {isa = PBXBuildFile; fileRef = 6DF8F2D21A2624A100316114 /* FbGraphFile.m */; settings = {COMPILER_FLAGS = "-fno-objc-arc"; }; };
		6DF8F2D71A2624A100316114 /* FbGraphResponse.m in Sources */ = {isa = PBXBuildFile; fileRef = 6DF8F2D41A2624A100316114 /* FbGraphResponse.m */; settings = {COMPILER_FLAGS = "-fno-objc-arc"; }; };
		6DFA0246199585C000509F56 /* NPLyricsTagger.m in Sources */ = {isa = PBXBuildFile; fileRef = 6DFA0245199585C000509F56 /* NPLyricsTagger.m */; };
		6DFA02511995962900509F56 /* libxml2.dylib in Frameworks */ = {isa = PBXBuildFile; fileRef = 6DFA02501995962900509F56 /* libxml2.dylib */; };
		F850FD029B8348D2B4F937BE /* libPods.a in Frameworks */ = {isa = PBXBuildFile; fileRef = CD58B8531E5A4248AF03BA30 /* libPods.a */; };
/* End PBXBuildFile section */

/* Begin PBXContainerItemProxy section */
		6D5598AC1959C93D00C4B156 /* PBXContainerItemProxy */ = {
			isa = PBXContainerItemProxy;
			containerPortal = 6D55987F1959C93C00C4B156 /* Project object */;
			proxyType = 1;
			remoteGlobalIDString = 6D5598861959C93C00C4B156;
			remoteInfo = "NowP!";
		};
/* End PBXContainerItemProxy section */

/* Begin PBXFileReference section */
		2770DB6F859C7B0B7BA927A7 /* Pods.debug.xcconfig */ = {isa = PBXFileReference; includeInIndex = 1; lastKnownFileType = text.xcconfig; name = Pods.debug.xcconfig; path = "Pods/Target Support Files/Pods/Pods.debug.xcconfig"; sourceTree = "<group>"; };
		6D1108D91A2DF3DA00A3BBDF /* giphy.gif */ = {isa = PBXFileReference; lastKnownFileType = image.gif; path = giphy.gif; sourceTree = "<group>"; };
		6D3BC9F519ADCD640024E179 /* NPPrefsController.h */ = {isa = PBXFileReference; fileEncoding = 4; lastKnownFileType = sourcecode.c.h; name = NPPrefsController.h; path = Controllers/NPPrefsController.h; sourceTree = "<group>"; };
		6D3BC9F619ADCD640024E179 /* NPPrefsController.m */ = {isa = PBXFileReference; fileEncoding = 4; lastKnownFileType = sourcecode.c.objc; name = NPPrefsController.m; path = Controllers/NPPrefsController.m; sourceTree = "<group>"; };
		6D3EC0671A39B97800AA6719 /* NPArtworkTagger.h */ = {isa = PBXFileReference; fileEncoding = 4; lastKnownFileType = sourcecode.c.h; name = NPArtworkTagger.h; path = Classes/NPArtworkTagger.h; sourceTree = "<group>"; };
		6D3EC0681A39B97800AA6719 /* NPArtworkTagger.m */ = {isa = PBXFileReference; fileEncoding = 4; lastKnownFileType = sourcecode.c.objc; name = NPArtworkTagger.m; path = Classes/NPArtworkTagger.m; sourceTree = "<group>"; };
		6D5598871959C93C00C4B156 /* NowP!.app */ = {isa = PBXFileReference; explicitFileType = wrapper.application; includeInIndex = 0; path = "NowP!.app"; sourceTree = BUILT_PRODUCTS_DIR; };
		6D55988A1959C93C00C4B156 /* Cocoa.framework */ = {isa = PBXFileReference; lastKnownFileType = wrapper.framework; name = Cocoa.framework; path = System/Library/Frameworks/Cocoa.framework; sourceTree = SDKROOT; };
		6D55988D1959C93C00C4B156 /* AppKit.framework */ = {isa = PBXFileReference; lastKnownFileType = wrapper.framework; name = AppKit.framework; path = System/Library/Frameworks/AppKit.framework; sourceTree = SDKROOT; };
		6D55988E1959C93C00C4B156 /* CoreData.framework */ = {isa = PBXFileReference; lastKnownFileType = wrapper.framework; name = CoreData.framework; path = System/Library/Frameworks/CoreData.framework; sourceTree = SDKROOT; };
		6D55988F1959C93C00C4B156 /* Foundation.framework */ = {isa = PBXFileReference; lastKnownFileType = wrapper.framework; name = Foundation.framework; path = System/Library/Frameworks/Foundation.framework; sourceTree = SDKROOT; };
		6D5598921959C93C00C4B156 /* NowP!-Info.plist */ = {isa = PBXFileReference; lastKnownFileType = text.plist.xml; path = "NowP!-Info.plist"; sourceTree = "<group>"; };
		6D5598941959C93C00C4B156 /* en */ = {isa = PBXFileReference; lastKnownFileType = text.plist.strings; name = en; path = en.lproj/InfoPlist.strings; sourceTree = "<group>"; };
		6D5598961959C93C00C4B156 /* main.m */ = {isa = PBXFileReference; lastKnownFileType = sourcecode.c.objc; path = main.m; sourceTree = "<group>"; };
		6D5598981959C93C00C4B156 /* NowP!-Prefix.pch */ = {isa = PBXFileReference; lastKnownFileType = sourcecode.c.h; path = "NowP!-Prefix.pch"; sourceTree = "<group>"; };
		6D55989A1959C93C00C4B156 /* en */ = {isa = PBXFileReference; lastKnownFileType = text.rtf; name = en; path = en.lproj/Credits.rtf; sourceTree = "<group>"; };
		6D55989C1959C93C00C4B156 /* NPAppDelegate.h */ = {isa = PBXFileReference; lastKnownFileType = sourcecode.c.h; path = NPAppDelegate.h; sourceTree = "<group>"; };
		6D55989D1959C93C00C4B156 /* NPAppDelegate.m */ = {isa = PBXFileReference; lastKnownFileType = sourcecode.c.objc; path = NPAppDelegate.m; sourceTree = "<group>"; };
		6D5598A01959C93C00C4B156 /* Base */ = {isa = PBXFileReference; lastKnownFileType = file.xib; name = Base; path = Base.lproj/MainMenu.xib; sourceTree = "<group>"; };
		6D5598A21959C93C00C4B156 /* Images.xcassets */ = {isa = PBXFileReference; lastKnownFileType = folder.assetcatalog; path = Images.xcassets; sourceTree = "<group>"; };
		6D5598A81959C93D00C4B156 /* NowP!Tests.xctest */ = {isa = PBXFileReference; explicitFileType = wrapper.cfbundle; includeInIndex = 0; path = "NowP!Tests.xctest"; sourceTree = BUILT_PRODUCTS_DIR; };
		6D5598A91959C93D00C4B156 /* XCTest.framework */ = {isa = PBXFileReference; lastKnownFileType = wrapper.framework; name = XCTest.framework; path = Library/Frameworks/XCTest.framework; sourceTree = DEVELOPER_DIR; };
		6D5598B01959C93D00C4B156 /* NowP!Tests-Info.plist */ = {isa = PBXFileReference; lastKnownFileType = text.plist.xml; path = "NowP!Tests-Info.plist"; sourceTree = "<group>"; };
		6D5598B21959C93D00C4B156 /* en */ = {isa = PBXFileReference; lastKnownFileType = text.plist.strings; name = en; path = en.lproj/InfoPlist.strings; sourceTree = "<group>"; };
		6D5598B41959C93D00C4B156 /* NowP_Tests.m */ = {isa = PBXFileReference; lastKnownFileType = sourcecode.c.objc; path = NowP_Tests.m; sourceTree = "<group>"; };
		6D5598C51959D36F00C4B156 /* ScriptingBridge.framework */ = {isa = PBXFileReference; lastKnownFileType = wrapper.framework; name = ScriptingBridge.framework; path = System/Library/Frameworks/ScriptingBridge.framework; sourceTree = SDKROOT; };
		6D729FCA19BF37C700B86E7C /* WebKit.framework */ = {isa = PBXFileReference; lastKnownFileType = wrapper.framework; name = WebKit.framework; path = System/Library/Frameworks/WebKit.framework; sourceTree = SDKROOT; };
		6D729FCC19BF471200B86E7C /* NPLoginController.h */ = {isa = PBXFileReference; fileEncoding = 4; lastKnownFileType = sourcecode.c.h; name = NPLoginController.h; path = Controllers/NPLoginController.h; sourceTree = "<group>"; };
		6D729FCD19BF471200B86E7C /* NPLoginController.m */ = {isa = PBXFileReference; fileEncoding = 4; lastKnownFileType = sourcecode.c.objc; name = NPLoginController.m; path = Controllers/NPLoginController.m; sourceTree = "<group>"; };
		6D729FD519C046B300B86E7C /* NSWindow+Responsibility.h */ = {isa = PBXFileReference; fileEncoding = 4; lastKnownFileType = sourcecode.c.h; name = "NSWindow+Responsibility.h"; path = "Categories/NSWindow+Responsibility.h"; sourceTree = "<group>"; };
		6D729FD619C046B300B86E7C /* NSWindow+Responsibility.m */ = {isa = PBXFileReference; fileEncoding = 4; lastKnownFileType = sourcecode.c.objc; name = "NSWindow+Responsibility.m"; path = "Categories/NSWindow+Responsibility.m"; sourceTree = "<group>"; };
		6D7C27791965FD1E00C3E0CA /* Accounts.framework */ = {isa = PBXFileReference; lastKnownFileType = wrapper.framework; name = Accounts.framework; path = System/Library/Frameworks/Accounts.framework; sourceTree = SDKROOT; };
		6D7C277B1965FEC300C3E0CA /* settings.plist */ = {isa = PBXFileReference; fileEncoding = 4; lastKnownFileType = text.plist.xml; path = settings.plist; sourceTree = "<group>"; };
		6D88BAC419B0A8C300E613CA /* Utils.h */ = {isa = PBXFileReference; lastKnownFileType = sourcecode.c.h; path = Utils.h; sourceTree = "<group>"; };
		6D91DED319950B9400A11C3E /* NPLyricsWindow.h */ = {isa = PBXFileReference; fileEncoding = 4; lastKnownFileType = sourcecode.c.h; name = NPLyricsWindow.h; path = Views/NPLyricsWindow.h; sourceTree = "<group>"; };
		6D91DED419950B9400A11C3E /* NPLyricsWindow.m */ = {isa = PBXFileReference; fileEncoding = 4; lastKnownFileType = sourcecode.c.objc; name = NPLyricsWindow.m; path = Views/NPLyricsWindow.m; sourceTree = "<group>"; };
		6D91DED819950C4D00A11C3E /* QuartzCore.framework */ = {isa = PBXFileReference; lastKnownFileType = wrapper.framework; name = QuartzCore.framework; path = System/Library/Frameworks/QuartzCore.framework; sourceTree = SDKROOT; };
		6D999440195CA28E00246327 /* NPPopoverView.h */ = {isa = PBXFileReference; fileEncoding = 4; lastKnownFileType = sourcecode.c.h; name = NPPopoverView.h; path = Views/NPPopoverView.h; sourceTree = "<group>"; };
		6D999441195CA28E00246327 /* NPPopoverView.m */ = {isa = PBXFileReference; fileEncoding = 4; lastKnownFileType = sourcecode.c.objc; name = NPPopoverView.m; path = Views/NPPopoverView.m; sourceTree = "<group>"; };
		6D999443195CA39100246327 /* NPiTunesWorker.h */ = {isa = PBXFileReference; fileEncoding = 4; lastKnownFileType = sourcecode.c.h; name = NPiTunesWorker.h; path = Classes/NPiTunesWorker.h; sourceTree = "<group>"; };
		6D999444195CA39100246327 /* NPiTunesWorker.m */ = {isa = PBXFileReference; fileEncoding = 4; lastKnownFileType = sourcecode.c.objc; name = NPiTunesWorker.m; path = Classes/NPiTunesWorker.m; sourceTree = "<group>"; };
		6D999446195CA67600246327 /* iTunes.h */ = {isa = PBXFileReference; fileEncoding = 4; lastKnownFileType = sourcecode.c.h; path = iTunes.h; sourceTree = "<group>"; };
		6D999447195CB93000246327 /* NPImageView.h */ = {isa = PBXFileReference; fileEncoding = 4; lastKnownFileType = sourcecode.c.h; name = NPImageView.h; path = Views/NPImageView.h; sourceTree = "<group>"; };
		6D999448195CB93000246327 /* NPImageView.m */ = {isa = PBXFileReference; fileEncoding = 4; lastKnownFileType = sourcecode.c.objc; name = NPImageView.m; path = Views/NPImageView.m; sourceTree = "<group>"; };
		6D99944E195CBE2500246327 /* NPView.h */ = {isa = PBXFileReference; fileEncoding = 4; lastKnownFileType = sourcecode.c.h; name = NPView.h; path = Views/NPView.h; sourceTree = "<group>"; };
		6D99944F195CBE2500246327 /* NPView.m */ = {isa = PBXFileReference; fileEncoding = 4; lastKnownFileType = sourcecode.c.objc; name = NPView.m; path = Views/NPView.m; sourceTree = "<group>"; };
		6DBDB9D419AF4499004F6854 /* embeddedPreferences.plist */ = {isa = PBXFileReference; fileEncoding = 4; lastKnownFileType = text.plist.xml; path = embeddedPreferences.plist; sourceTree = "<group>"; };
		6DBDB9D619AF4CFD004F6854 /* NSObject+DeepMutable.h */ = {isa = PBXFileReference; fileEncoding = 4; lastKnownFileType = sourcecode.c.h; name = "NSObject+DeepMutable.h"; path = "Categories/NSObject+DeepMutable.h"; sourceTree = "<group>"; };
		6DBDB9D719AF4CFD004F6854 /* NSObject+DeepMutable.m */ = {isa = PBXFileReference; fileEncoding = 4; lastKnownFileType = sourcecode.c.objc; name = "NSObject+DeepMutable.m"; path = "Categories/NSObject+DeepMutable.m"; sourceTree = "<group>"; };
		6DD009EB19AB8BC200609787 /* NSColor+Hex.h */ = {isa = PBXFileReference; fileEncoding = 4; lastKnownFileType = sourcecode.c.h; name = "NSColor+Hex.h"; path = "Categories/NSColor+Hex.h"; sourceTree = "<group>"; };
		6DD009EC19AB8BC200609787 /* NSColor+Hex.m */ = {isa = PBXFileReference; fileEncoding = 4; lastKnownFileType = sourcecode.c.objc; name = "NSColor+Hex.m"; path = "Categories/NSColor+Hex.m"; sourceTree = "<group>"; };
		6DD009EE19AC773400609787 /* NPAppearance.h */ = {isa = PBXFileReference; fileEncoding = 4; lastKnownFileType = sourcecode.c.h; name = NPAppearance.h; path = Classes/NPAppearance.h; sourceTree = "<group>"; };
		6DD009EF19AC773400609787 /* NPAppearance.m */ = {isa = PBXFileReference; fileEncoding = 4; lastKnownFileType = sourcecode.c.objc; name = NPAppearance.m; path = Classes/NPAppearance.m; sourceTree = "<group>"; };
		6DD009F419AC797000609787 /* NPColoredTCell.h */ = {isa = PBXFileReference; fileEncoding = 4; lastKnownFileType = sourcecode.c.h; name = NPColoredTCell.h; path = Views/NPColoredTCell.h; sourceTree = "<group>"; };
		6DD009F519AC797000609787 /* NPColoredTCell.m */ = {isa = PBXFileReference; fileEncoding = 4; lastKnownFileType = sourcecode.c.objc; name = NPColoredTCell.m; path = Views/NPColoredTCell.m; sourceTree = "<group>"; };
		6DDB4D511A2F32EF005F9750 /* Utils.m */ = {isa = PBXFileReference; fileEncoding = 4; lastKnownFileType = sourcecode.c.objc; path = Utils.m; sourceTree = "<group>"; };
		6DEE09A419A4DCB7008F6142 /* NPMainHandler.h */ = {isa = PBXFileReference; fileEncoding = 4; lastKnownFileType = sourcecode.c.h; name = NPMainHandler.h; path = Classes/NPMainHandler.h; sourceTree = "<group>"; };
		6DEE09A519A4DCB7008F6142 /* NPMainHandler.m */ = {isa = PBXFileReference; fileEncoding = 4; lastKnownFileType = sourcecode.c.objc; name = NPMainHandler.m; path = Classes/NPMainHandler.m; sourceTree = "<group>"; };
		6DEE09A719A4DCBF008F6142 /* NPTextLayer.h */ = {isa = PBXFileReference; fileEncoding = 4; lastKnownFileType = sourcecode.c.h; name = NPTextLayer.h; path = Classes/NPTextLayer.h; sourceTree = "<group>"; };
		6DEE09A819A4DCBF008F6142 /* NPTextLayer.m */ = {isa = PBXFileReference; fileEncoding = 4; lastKnownFileType = sourcecode.c.objc; name = NPTextLayer.m; path = Classes/NPTextLayer.m; sourceTree = "<group>"; };
		6DEE09AA19A4DCD1008F6142 /* NSImage+Resize.h */ = {isa = PBXFileReference; fileEncoding = 4; lastKnownFileType = sourcecode.c.h; name = "NSImage+Resize.h"; path = "Categories/NSImage+Resize.h"; sourceTree = "<group>"; };
		6DEE09AB19A4DCD1008F6142 /* NSImage+Resize.m */ = {isa = PBXFileReference; fileEncoding = 4; lastKnownFileType = sourcecode.c.objc; name = "NSImage+Resize.m"; path = "Categories/NSImage+Resize.m"; sourceTree = "<group>"; };
		6DEE09AC19A4DCD1008F6142 /* NSString+Extra.h */ = {isa = PBXFileReference; fileEncoding = 4; lastKnownFileType = sourcecode.c.h; name = "NSString+Extra.h"; path = "Categories/NSString+Extra.h"; sourceTree = "<group>"; };
		6DEE09AD19A4DCD1008F6142 /* NSString+Extra.m */ = {isa = PBXFileReference; fileEncoding = 4; lastKnownFileType = sourcecode.c.objc; name = "NSString+Extra.m"; path = "Categories/NSString+Extra.m"; sourceTree = "<group>"; };
		6DEF9DA61A1F84CD00C543C5 /* NPStatusItemButton.h */ = {isa = PBXFileReference; fileEncoding = 4; lastKnownFileType = sourcecode.c.h; name = NPStatusItemButton.h; path = Views/NPStatusItemButton.h; sourceTree = "<group>"; };
		6DEF9DA71A1F84CD00C543C5 /* NPStatusItemButton.m */ = {isa = PBXFileReference; fileEncoding = 4; lastKnownFileType = sourcecode.c.objc; name = NPStatusItemButton.m; path = Views/NPStatusItemButton.m; sourceTree = "<group>"; };
		6DF8F2CF1A2624A100316114 /* FbGraph.h */ = {isa = PBXFileReference; fileEncoding = 4; lastKnownFileType = sourcecode.c.h; path = FbGraph.h; sourceTree = "<group>"; };
		6DF8F2D01A2624A100316114 /* FbGraph.m */ = {isa = PBXFileReference; fileEncoding = 4; lastKnownFileType = sourcecode.c.objc; path = FbGraph.m; sourceTree = "<group>"; };
		6DF8F2D11A2624A100316114 /* FbGraphFile.h */ = {isa = PBXFileReference; fileEncoding = 4; lastKnownFileType = sourcecode.c.h; path = FbGraphFile.h; sourceTree = "<group>"; };
		6DF8F2D21A2624A100316114 /* FbGraphFile.m */ = {isa = PBXFileReference; fileEncoding = 4; lastKnownFileType = sourcecode.c.objc; path = FbGraphFile.m; sourceTree = "<group>"; };
		6DF8F2D31A2624A100316114 /* FbGraphResponse.h */ = {isa = PBXFileReference; fileEncoding = 4; lastKnownFileType = sourcecode.c.h; path = FbGraphResponse.h; sourceTree = "<group>"; };
		6DF8F2D41A2624A100316114 /* FbGraphResponse.m */ = {isa = PBXFileReference; fileEncoding = 4; lastKnownFileType = sourcecode.c.objc; path = FbGraphResponse.m; sourceTree = "<group>"; };
		6DFA0244199585C000509F56 /* NPLyricsTagger.h */ = {isa = PBXFileReference; fileEncoding = 4; lastKnownFileType = sourcecode.c.h; name = NPLyricsTagger.h; path = Classes/NPLyricsTagger.h; sourceTree = "<group>"; };
		6DFA0245199585C000509F56 /* NPLyricsTagger.m */ = {isa = PBXFileReference; fileEncoding = 4; lastKnownFileType = sourcecode.c.objc; name = NPLyricsTagger.m; path = Classes/NPLyricsTagger.m; sourceTree = "<group>"; };
		6DFA02501995962900509F56 /* libxml2.dylib */ = {isa = PBXFileReference; lastKnownFileType = "compiled.mach-o.dylib"; name = libxml2.dylib; path = usr/lib/libxml2.dylib; sourceTree = SDKROOT; };
		B83A8D8BA334555163A71879 /* Pods.release.xcconfig */ = {isa = PBXFileReference; includeInIndex = 1; lastKnownFileType = text.xcconfig; name = Pods.release.xcconfig; path = "Pods/Target Support Files/Pods/Pods.release.xcconfig"; sourceTree = "<group>"; };
		CD58B8531E5A4248AF03BA30 /* libPods.a */ = {isa = PBXFileReference; explicitFileType = archive.ar; includeInIndex = 0; path = libPods.a; sourceTree = BUILT_PRODUCTS_DIR; };
/* End PBXFileReference section */

/* Begin PBXFrameworksBuildPhase section */
		6D5598841959C93C00C4B156 /* Frameworks */ = {
			isa = PBXFrameworksBuildPhase;
			buildActionMask = 2147483647;
			files = (
				6D729FCB19BF37C700B86E7C /* WebKit.framework in Frameworks */,
				6DFA02511995962900509F56 /* libxml2.dylib in Frameworks */,
				6D91DED919950C4D00A11C3E /* QuartzCore.framework in Frameworks */,
				6D7C277A1965FD1E00C3E0CA /* Accounts.framework in Frameworks */,
				6D5598C61959D36F00C4B156 /* ScriptingBridge.framework in Frameworks */,
				6D55988B1959C93C00C4B156 /* Cocoa.framework in Frameworks */,
				F850FD029B8348D2B4F937BE /* libPods.a in Frameworks */,
			);
			runOnlyForDeploymentPostprocessing = 0;
		};
		6D5598A51959C93D00C4B156 /* Frameworks */ = {
			isa = PBXFrameworksBuildPhase;
			buildActionMask = 2147483647;
			files = (
				6D5598AB1959C93D00C4B156 /* Cocoa.framework in Frameworks */,
				6D5598AA1959C93D00C4B156 /* XCTest.framework in Frameworks */,
			);
			runOnlyForDeploymentPostprocessing = 0;
		};
/* End PBXFrameworksBuildPhase section */

/* Begin PBXGroup section */
		2797CAD6E8EDF166183F667F /* Pods */ = {
			isa = PBXGroup;
			children = (
				2770DB6F859C7B0B7BA927A7 /* Pods.debug.xcconfig */,
				B83A8D8BA334555163A71879 /* Pods.release.xcconfig */,
			);
			name = Pods;
			sourceTree = "<group>";
		};
		6D55987E1959C93C00C4B156 = {
			isa = PBXGroup;
			children = (
				6D5598901959C93C00C4B156 /* NowP! */,
				6D5598AE1959C93D00C4B156 /* NowP!Tests */,
				6D5598891959C93C00C4B156 /* Frameworks */,
				6D5598881959C93C00C4B156 /* Products */,
				2797CAD6E8EDF166183F667F /* Pods */,
			);
			sourceTree = "<group>";
		};
		6D5598881959C93C00C4B156 /* Products */ = {
			isa = PBXGroup;
			children = (
				6D5598871959C93C00C4B156 /* NowP!.app */,
				6D5598A81959C93D00C4B156 /* NowP!Tests.xctest */,
			);
			name = Products;
			sourceTree = "<group>";
		};
		6D5598891959C93C00C4B156 /* Frameworks */ = {
			isa = PBXGroup;
			children = (
				6D729FCA19BF37C700B86E7C /* WebKit.framework */,
				6DFA02501995962900509F56 /* libxml2.dylib */,
				6D91DED819950C4D00A11C3E /* QuartzCore.framework */,
				6D7C27791965FD1E00C3E0CA /* Accounts.framework */,
				6D5598C51959D36F00C4B156 /* ScriptingBridge.framework */,
				6D55988A1959C93C00C4B156 /* Cocoa.framework */,
				6D5598A91959C93D00C4B156 /* XCTest.framework */,
				6D55988C1959C93C00C4B156 /* Other Frameworks */,
				CD58B8531E5A4248AF03BA30 /* libPods.a */,
			);
			name = Frameworks;
			sourceTree = "<group>";
		};
		6D55988C1959C93C00C4B156 /* Other Frameworks */ = {
			isa = PBXGroup;
			children = (
				6D55988D1959C93C00C4B156 /* AppKit.framework */,
				6D55988E1959C93C00C4B156 /* CoreData.framework */,
				6D55988F1959C93C00C4B156 /* Foundation.framework */,
			);
			name = "Other Frameworks";
			sourceTree = "<group>";
		};
		6D5598901959C93C00C4B156 /* NowP! */ = {
			isa = PBXGroup;
			children = (
				6D7C277B1965FEC300C3E0CA /* settings.plist */,
				6DBDB9D419AF4499004F6854 /* embeddedPreferences.plist */,
				6D999446195CA67600246327 /* iTunes.h */,
				6D55989C1959C93C00C4B156 /* NPAppDelegate.h */,
				6D55989D1959C93C00C4B156 /* NPAppDelegate.m */,
				6D88BAC419B0A8C300E613CA /* Utils.h */,
				6DDB4D511A2F32EF005F9750 /* Utils.m */,
				6D9F1D3319AB2790004BAC68 /* Controllers */,
				6D999454195CC4AC00246327 /* Classes */,
				6D99944D195CBB5200246327 /* Categories */,
				6D5598C41959CBA600C4B156 /* Views */,
				6D55989F1959C93C00C4B156 /* MainMenu.xib */,
				6D5598A21959C93C00C4B156 /* Images.xcassets */,
				6D5598911959C93C00C4B156 /* Supporting Files */,
			);
			path = "NowP!";
			sourceTree = "<group>";
		};
		6D5598911959C93C00C4B156 /* Supporting Files */ = {
			isa = PBXGroup;
			children = (
				6D1108D91A2DF3DA00A3BBDF /* giphy.gif */,
				6D5598921959C93C00C4B156 /* NowP!-Info.plist */,
				6D5598931959C93C00C4B156 /* InfoPlist.strings */,
				6D5598961959C93C00C4B156 /* main.m */,
				6D5598981959C93C00C4B156 /* NowP!-Prefix.pch */,
				6D5598991959C93C00C4B156 /* Credits.rtf */,
			);
			name = "Supporting Files";
			sourceTree = "<group>";
		};
		6D5598AE1959C93D00C4B156 /* NowP!Tests */ = {
			isa = PBXGroup;
			children = (
				6D5598B41959C93D00C4B156 /* NowP_Tests.m */,
				6D5598AF1959C93D00C4B156 /* Supporting Files */,
			);
			path = "NowP!Tests";
			sourceTree = "<group>";
		};
		6D5598AF1959C93D00C4B156 /* Supporting Files */ = {
			isa = PBXGroup;
			children = (
				6D5598B01959C93D00C4B156 /* NowP!Tests-Info.plist */,
				6D5598B11959C93D00C4B156 /* InfoPlist.strings */,
			);
			name = "Supporting Files";
			sourceTree = "<group>";
		};
		6D5598C41959CBA600C4B156 /* Views */ = {
			isa = PBXGroup;
			children = (
				6D999440195CA28E00246327 /* NPPopoverView.h */,
				6D999441195CA28E00246327 /* NPPopoverView.m */,
				6D999447195CB93000246327 /* NPImageView.h */,
				6D999448195CB93000246327 /* NPImageView.m */,
				6D99944E195CBE2500246327 /* NPView.h */,
				6D99944F195CBE2500246327 /* NPView.m */,
				6D91DED319950B9400A11C3E /* NPLyricsWindow.h */,
				6D91DED419950B9400A11C3E /* NPLyricsWindow.m */,
				6DD009F419AC797000609787 /* NPColoredTCell.h */,
				6DD009F519AC797000609787 /* NPColoredTCell.m */,
				6DEF9DA61A1F84CD00C543C5 /* NPStatusItemButton.h */,
				6DEF9DA71A1F84CD00C543C5 /* NPStatusItemButton.m */,
			);
			name = Views;
			sourceTree = "<group>";
		};
		6D99944D195CBB5200246327 /* Categories */ = {
			isa = PBXGroup;
			children = (
				6DBDB9D619AF4CFD004F6854 /* NSObject+DeepMutable.h */,
				6DBDB9D719AF4CFD004F6854 /* NSObject+DeepMutable.m */,
				6DD009EB19AB8BC200609787 /* NSColor+Hex.h */,
				6DD009EC19AB8BC200609787 /* NSColor+Hex.m */,
				6DEE09AA19A4DCD1008F6142 /* NSImage+Resize.h */,
				6DEE09AB19A4DCD1008F6142 /* NSImage+Resize.m */,
				6DEE09AC19A4DCD1008F6142 /* NSString+Extra.h */,
				6DEE09AD19A4DCD1008F6142 /* NSString+Extra.m */,
				6D729FD519C046B300B86E7C /* NSWindow+Responsibility.h */,
				6D729FD619C046B300B86E7C /* NSWindow+Responsibility.m */,
			);
			name = Categories;
			sourceTree = "<group>";
		};
		6D999454195CC4AC00246327 /* Classes */ = {
			isa = PBXGroup;
			children = (
				6DF8F2CE1A2624A100316114 /* FbGraphAPI */,
				6D999443195CA39100246327 /* NPiTunesWorker.h */,
				6D999444195CA39100246327 /* NPiTunesWorker.m */,
				6DEE09A419A4DCB7008F6142 /* NPMainHandler.h */,
				6DEE09A519A4DCB7008F6142 /* NPMainHandler.m */,
				6DEE09A719A4DCBF008F6142 /* NPTextLayer.h */,
				6DEE09A819A4DCBF008F6142 /* NPTextLayer.m */,
				6DFA0244199585C000509F56 /* NPLyricsTagger.h */,
				6DFA0245199585C000509F56 /* NPLyricsTagger.m */,
				6DD009EE19AC773400609787 /* NPAppearance.h */,
				6DD009EF19AC773400609787 /* NPAppearance.m */,
				6D3EC0671A39B97800AA6719 /* NPArtworkTagger.h */,
				6D3EC0681A39B97800AA6719 /* NPArtworkTagger.m */,
			);
			name = Classes;
			sourceTree = "<group>";
		};
		6D9F1D3319AB2790004BAC68 /* Controllers */ = {
			isa = PBXGroup;
			children = (
				6D3BC9F519ADCD640024E179 /* NPPrefsController.h */,
				6D3BC9F619ADCD640024E179 /* NPPrefsController.m */,
				6D729FCC19BF471200B86E7C /* NPLoginController.h */,
				6D729FCD19BF471200B86E7C /* NPLoginController.m */,
			);
			name = Controllers;
			sourceTree = "<group>";
		};
		6DF8F2CE1A2624A100316114 /* FbGraphAPI */ = {
			isa = PBXGroup;
			children = (
				6DF8F2CF1A2624A100316114 /* FbGraph.h */,
				6DF8F2D01A2624A100316114 /* FbGraph.m */,
				6DF8F2D11A2624A100316114 /* FbGraphFile.h */,
				6DF8F2D21A2624A100316114 /* FbGraphFile.m */,
				6DF8F2D31A2624A100316114 /* FbGraphResponse.h */,
				6DF8F2D41A2624A100316114 /* FbGraphResponse.m */,
			);
			name = FbGraphAPI;
			path = Classes/FbGraphAPI;
			sourceTree = "<group>";
		};
/* End PBXGroup section */

/* Begin PBXNativeTarget section */
		6D5598861959C93C00C4B156 /* NowP! */ = {
			isa = PBXNativeTarget;
			buildConfigurationList = 6D5598B81959C93D00C4B156 /* Build configuration list for PBXNativeTarget "NowP!" */;
			buildPhases = (
				6FF79A16456148599A5CF0EC /* Check Pods Manifest.lock */,
				6D5598831959C93C00C4B156 /* Sources */,
				6D5598841959C93C00C4B156 /* Frameworks */,
				6D5598851959C93C00C4B156 /* Resources */,
				5F266B16185D4BF6B73203E8 /* Copy Pods Resources */,
			);
			buildRules = (
			);
			dependencies = (
			);
			name = "NowP!";
			productName = "NowP!";
			productReference = 6D5598871959C93C00C4B156 /* NowP!.app */;
			productType = "com.apple.product-type.application";
		};
		6D5598A71959C93D00C4B156 /* NowP!Tests */ = {
			isa = PBXNativeTarget;
			buildConfigurationList = 6D5598BB1959C93D00C4B156 /* Build configuration list for PBXNativeTarget "NowP!Tests" */;
			buildPhases = (
				6D5598A41959C93D00C4B156 /* Sources */,
				6D5598A51959C93D00C4B156 /* Frameworks */,
				6D5598A61959C93D00C4B156 /* Resources */,
			);
			buildRules = (
			);
			dependencies = (
				6D5598AD1959C93D00C4B156 /* PBXTargetDependency */,
			);
			name = "NowP!Tests";
			productName = "NowP!Tests";
			productReference = 6D5598A81959C93D00C4B156 /* NowP!Tests.xctest */;
			productType = "com.apple.product-type.bundle.unit-test";
		};
/* End PBXNativeTarget section */

/* Begin PBXProject section */
		6D55987F1959C93C00C4B156 /* Project object */ = {
			isa = PBXProject;
			attributes = {
				CLASSPREFIX = NP;
				LastUpgradeCheck = 0510;
				ORGANIZATIONNAME = "Yevgeniy Kratko (Branitsky)";
				TargetAttributes = {
					6D5598A71959C93D00C4B156 = {
						TestTargetID = 6D5598861959C93C00C4B156;
					};
				};
			};
			buildConfigurationList = 6D5598821959C93C00C4B156 /* Build configuration list for PBXProject "NowP!" */;
			compatibilityVersion = "Xcode 3.2";
			developmentRegion = English;
			hasScannedForEncodings = 0;
			knownRegions = (
				en,
				Base,
			);
			mainGroup = 6D55987E1959C93C00C4B156;
			productRefGroup = 6D5598881959C93C00C4B156 /* Products */;
			projectDirPath = "";
			projectRoot = "";
			targets = (
				6D5598861959C93C00C4B156 /* NowP! */,
				6D5598A71959C93D00C4B156 /* NowP!Tests */,
			);
		};
/* End PBXProject section */

/* Begin PBXResourcesBuildPhase section */
		6D5598851959C93C00C4B156 /* Resources */ = {
			isa = PBXResourcesBuildPhase;
			buildActionMask = 2147483647;
			files = (
				6D1108DA1A2DF3DA00A3BBDF /* giphy.gif in Resources */,
				6D5598951959C93C00C4B156 /* InfoPlist.strings in Resources */,
				6DBDB9D519AF4499004F6854 /* embeddedPreferences.plist in Resources */,
				6D5598A31959C93C00C4B156 /* Images.xcassets in Resources */,
				6D55989B1959C93C00C4B156 /* Credits.rtf in Resources */,
				6D5598A11959C93C00C4B156 /* MainMenu.xib in Resources */,
				6D7C277C1965FEC300C3E0CA /* settings.plist in Resources */,
			);
			runOnlyForDeploymentPostprocessing = 0;
		};
		6D5598A61959C93D00C4B156 /* Resources */ = {
			isa = PBXResourcesBuildPhase;
			buildActionMask = 2147483647;
			files = (
				6D5598B31959C93D00C4B156 /* InfoPlist.strings in Resources */,
			);
			runOnlyForDeploymentPostprocessing = 0;
		};
/* End PBXResourcesBuildPhase section */

/* Begin PBXShellScriptBuildPhase section */
		5F266B16185D4BF6B73203E8 /* Copy Pods Resources */ = {
			isa = PBXShellScriptBuildPhase;
			buildActionMask = 2147483647;
			files = (
			);
			inputPaths = (
			);
			name = "Copy Pods Resources";
			outputPaths = (
			);
			runOnlyForDeploymentPostprocessing = 0;
			shellPath = /bin/sh;
			shellScript = "\"${SRCROOT}/Pods/Target Support Files/Pods/Pods-resources.sh\"\n";
			showEnvVarsInLog = 0;
		};
		6FF79A16456148599A5CF0EC /* Check Pods Manifest.lock */ = {
			isa = PBXShellScriptBuildPhase;
			buildActionMask = 2147483647;
			files = (
			);
			inputPaths = (
			);
			name = "Check Pods Manifest.lock";
			outputPaths = (
			);
			runOnlyForDeploymentPostprocessing = 0;
			shellPath = /bin/sh;
			shellScript = "diff \"${PODS_ROOT}/../Podfile.lock\" \"${PODS_ROOT}/Manifest.lock\" > /dev/null\nif [[ $? != 0 ]] ; then\n    cat << EOM\nerror: The sandbox is not in sync with the Podfile.lock. Run 'pod install' or update your CocoaPods installation.\nEOM\n    exit 1\nfi\n";
			showEnvVarsInLog = 0;
		};
/* End PBXShellScriptBuildPhase section */

/* Begin PBXSourcesBuildPhase section */
		6D5598831959C93C00C4B156 /* Sources */ = {
			isa = PBXSourcesBuildPhase;
			buildActionMask = 2147483647;
			files = (
				6D999442195CA28E00246327 /* NPPopoverView.m in Sources */,
				6D999445195CA39100246327 /* NPiTunesWorker.m in Sources */,
				6DEE09A619A4DCB7008F6142 /* NPMainHandler.m in Sources */,
				6DDB4D521A2F32EF005F9750 /* Utils.m in Sources */,
				6D999450195CBE2500246327 /* NPView.m in Sources */,
				6D729FD719C046B300B86E7C /* NSWindow+Responsibility.m in Sources */,
				6DEE09AF19A4DCD1008F6142 /* NSString+Extra.m in Sources */,
				6D999449195CB93000246327 /* NPImageView.m in Sources */,
				6DD009F619AC797000609787 /* NPColoredTCell.m in Sources */,
				6DD009F019AC773400609787 /* NPAppearance.m in Sources */,
				6D55989E1959C93C00C4B156 /* NPAppDelegate.m in Sources */,
				6DF8F2D71A2624A100316114 /* FbGraphResponse.m in Sources */,
				6DD009ED19AB8BC200609787 /* NSColor+Hex.m in Sources */,
				6DEE09A919A4DCBF008F6142 /* NPTextLayer.m in Sources */,
				6DFA0246199585C000509F56 /* NPLyricsTagger.m in Sources */,
				6D3BC9F719ADCD640024E179 /* NPPrefsController.m in Sources */,
				6D91DED519950B9400A11C3E /* NPLyricsWindow.m in Sources */,
				6DEF9DA81A1F84CD00C543C5 /* NPStatusItemButton.m in Sources */,
				6DF8F2D61A2624A100316114 /* FbGraphFile.m in Sources */,
				6DF8F2D51A2624A100316114 /* FbGraph.m in Sources */,
				6DBDB9D819AF4CFD004F6854 /* NSObject+DeepMutable.m in Sources */,
				6DEE09AE19A4DCD1008F6142 /* NSImage+Resize.m in Sources */,
				6D729FCE19BF471200B86E7C /* NPLoginController.m in Sources */,
				6D3EC0691A39B97800AA6719 /* NPArtworkTagger.m in Sources */,
				6D5598971959C93C00C4B156 /* main.m in Sources */,
			);
			runOnlyForDeploymentPostprocessing = 0;
		};
		6D5598A41959C93D00C4B156 /* Sources */ = {
			isa = PBXSourcesBuildPhase;
			buildActionMask = 2147483647;
			files = (
				6D5598B51959C93D00C4B156 /* NowP_Tests.m in Sources */,
			);
			runOnlyForDeploymentPostprocessing = 0;
		};
/* End PBXSourcesBuildPhase section */

/* Begin PBXTargetDependency section */
		6D5598AD1959C93D00C4B156 /* PBXTargetDependency */ = {
			isa = PBXTargetDependency;
			target = 6D5598861959C93C00C4B156 /* NowP! */;
			targetProxy = 6D5598AC1959C93D00C4B156 /* PBXContainerItemProxy */;
		};
/* End PBXTargetDependency section */

/* Begin PBXVariantGroup section */
		6D5598931959C93C00C4B156 /* InfoPlist.strings */ = {
			isa = PBXVariantGroup;
			children = (
				6D5598941959C93C00C4B156 /* en */,
			);
			name = InfoPlist.strings;
			sourceTree = "<group>";
		};
		6D5598991959C93C00C4B156 /* Credits.rtf */ = {
			isa = PBXVariantGroup;
			children = (
				6D55989A1959C93C00C4B156 /* en */,
			);
			name = Credits.rtf;
			sourceTree = "<group>";
		};
		6D55989F1959C93C00C4B156 /* MainMenu.xib */ = {
			isa = PBXVariantGroup;
			children = (
				6D5598A01959C93C00C4B156 /* Base */,
			);
			name = MainMenu.xib;
			sourceTree = "<group>";
		};
		6D5598B11959C93D00C4B156 /* InfoPlist.strings */ = {
			isa = PBXVariantGroup;
			children = (
				6D5598B21959C93D00C4B156 /* en */,
			);
			name = InfoPlist.strings;
			sourceTree = "<group>";
		};
/* End PBXVariantGroup section */

/* Begin XCBuildConfiguration section */
		6D5598B61959C93D00C4B156 /* Debug */ = {
			isa = XCBuildConfiguration;
			buildSettings = {
				ALWAYS_SEARCH_USER_PATHS = NO;
				CLANG_CXX_LANGUAGE_STANDARD = "gnu++0x";
				CLANG_CXX_LIBRARY = "libc++";
				CLANG_ENABLE_MODULES = YES;
				CLANG_ENABLE_OBJC_ARC = YES;
				CLANG_WARN_BOOL_CONVERSION = YES;
				CLANG_WARN_CONSTANT_CONVERSION = YES;
				CLANG_WARN_DIRECT_OBJC_ISA_USAGE = YES_ERROR;
				CLANG_WARN_EMPTY_BODY = YES;
				CLANG_WARN_ENUM_CONVERSION = YES;
				CLANG_WARN_INT_CONVERSION = YES;
				CLANG_WARN_OBJC_ROOT_CLASS = YES_ERROR;
				CLANG_WARN__DUPLICATE_METHOD_MATCH = YES;
				COPY_PHASE_STRIP = NO;
				GCC_C_LANGUAGE_STANDARD = gnu99;
				GCC_DYNAMIC_NO_PIC = NO;
				GCC_ENABLE_OBJC_EXCEPTIONS = YES;
				GCC_OPTIMIZATION_LEVEL = 0;
				GCC_PREPROCESSOR_DEFINITIONS = (
					"DEBUG=1",
					"$(inherited)",
				);
				GCC_SYMBOLS_PRIVATE_EXTERN = NO;
				GCC_WARN_64_TO_32_BIT_CONVERSION = YES;
				GCC_WARN_ABOUT_RETURN_TYPE = YES_ERROR;
				GCC_WARN_UNDECLARED_SELECTOR = YES;
				GCC_WARN_UNINITIALIZED_AUTOS = YES_AGGRESSIVE;
				GCC_WARN_UNUSED_FUNCTION = YES;
				GCC_WARN_UNUSED_VARIABLE = YES;
				MACOSX_DEPLOYMENT_TARGET = 10.9;
				ONLY_ACTIVE_ARCH = YES;
				SDKROOT = macosx;
			};
			name = Debug;
		};
		6D5598B71959C93D00C4B156 /* Release */ = {
			isa = XCBuildConfiguration;
			buildSettings = {
				ALWAYS_SEARCH_USER_PATHS = NO;
				CLANG_CXX_LANGUAGE_STANDARD = "gnu++0x";
				CLANG_CXX_LIBRARY = "libc++";
				CLANG_ENABLE_MODULES = YES;
				CLANG_ENABLE_OBJC_ARC = YES;
				CLANG_WARN_BOOL_CONVERSION = YES;
				CLANG_WARN_CONSTANT_CONVERSION = YES;
				CLANG_WARN_DIRECT_OBJC_ISA_USAGE = YES_ERROR;
				CLANG_WARN_EMPTY_BODY = YES;
				CLANG_WARN_ENUM_CONVERSION = YES;
				CLANG_WARN_INT_CONVERSION = YES;
				CLANG_WARN_OBJC_ROOT_CLASS = YES_ERROR;
				CLANG_WARN__DUPLICATE_METHOD_MATCH = YES;
				COPY_PHASE_STRIP = YES;
				DEBUG_INFORMATION_FORMAT = "dwarf-with-dsym";
				ENABLE_NS_ASSERTIONS = NO;
				GCC_C_LANGUAGE_STANDARD = gnu99;
				GCC_ENABLE_OBJC_EXCEPTIONS = YES;
				GCC_WARN_64_TO_32_BIT_CONVERSION = YES;
				GCC_WARN_ABOUT_RETURN_TYPE = YES_ERROR;
				GCC_WARN_UNDECLARED_SELECTOR = YES;
				GCC_WARN_UNINITIALIZED_AUTOS = YES_AGGRESSIVE;
				GCC_WARN_UNUSED_FUNCTION = YES;
				GCC_WARN_UNUSED_VARIABLE = YES;
				MACOSX_DEPLOYMENT_TARGET = 10.9;
				SDKROOT = macosx;
			};
			name = Release;
		};
		6D5598B91959C93D00C4B156 /* Debug */ = {
			isa = XCBuildConfiguration;
			baseConfigurationReference = 2770DB6F859C7B0B7BA927A7 /* Pods.debug.xcconfig */;
			buildSettings = {
				ASSETCATALOG_COMPILER_APPICON_NAME = AppIcon;
				COMBINE_HIDPI_IMAGES = YES;
				GCC_PRECOMPILE_PREFIX_HEADER = YES;
				GCC_PREFIX_HEADER = "NowP!/NowP!-Prefix.pch";
				HEADER_SEARCH_PATHS = (
					"\"${PODS_ROOT}/Headers\"",
					"\"${PODS_ROOT}/Headers/MASShortcut\"",
					"\"${PODS_ROOT}/Headers/SSKeychain\"",
					"\"${PODS_ROOT}/Headers/STTwitter\"",
					/usr/include/libxml2,
				);
				INFOPLIST_FILE = "NowP!/NowP!-Info.plist";
				PRODUCT_NAME = "$(TARGET_NAME)";
				SDKROOT = macosx10.9;
				WRAPPER_EXTENSION = app;
			};
			name = Debug;
		};
		6D5598BA1959C93D00C4B156 /* Release */ = {
			isa = XCBuildConfiguration;
			baseConfigurationReference = B83A8D8BA334555163A71879 /* Pods.release.xcconfig */;
			buildSettings = {
				ASSETCATALOG_COMPILER_APPICON_NAME = AppIcon;
				COMBINE_HIDPI_IMAGES = YES;
				GCC_PRECOMPILE_PREFIX_HEADER = YES;
				GCC_PREFIX_HEADER = "NowP!/NowP!-Prefix.pch";
				HEADER_SEARCH_PATHS = (
					"\"${PODS_ROOT}/Headers\"",
					"\"${PODS_ROOT}/Headers/MASShortcut\"",
					"\"${PODS_ROOT}/Headers/SSKeychain\"",
					"\"${PODS_ROOT}/Headers/STTwitter\"",
					/usr/include/libxml2,
				);
				INFOPLIST_FILE = "NowP!/NowP!-Info.plist";
				PRODUCT_NAME = "$(TARGET_NAME)";
				SDKROOT = macosx10.9;
				WRAPPER_EXTENSION = app;
			};
			name = Release;
		};
		6D5598BC1959C93D00C4B156 /* Debug */ = {
			isa = XCBuildConfiguration;
			buildSettings = {
				BUNDLE_LOADER = "$(BUILT_PRODUCTS_DIR)/NowP!.app/Contents/MacOS/NowP!";
				COMBINE_HIDPI_IMAGES = YES;
				FRAMEWORK_SEARCH_PATHS = (
					"$(DEVELOPER_FRAMEWORKS_DIR)",
					"$(inherited)",
				);
				GCC_PRECOMPILE_PREFIX_HEADER = YES;
				GCC_PREFIX_HEADER = "NowP!/NowP!-Prefix.pch";
				GCC_PREPROCESSOR_DEFINITIONS = (
					"DEBUG=1",
					"$(inherited)",
				);
				INFOPLIST_FILE = "NowP!Tests/NowP!Tests-Info.plist";
				PRODUCT_NAME = "$(TARGET_NAME)";
				TEST_HOST = "$(BUNDLE_LOADER)";
				WRAPPER_EXTENSION = xctest;
			};
			name = Debug;
		};
		6D5598BD1959C93D00C4B156 /* Release */ = {
			isa = XCBuildConfiguration;
			buildSettings = {
				BUNDLE_LOADER = "$(BUILT_PRODUCTS_DIR)/NowP!.app/Contents/MacOS/NowP!";
				COMBINE_HIDPI_IMAGES = YES;
				FRAMEWORK_SEARCH_PATHS = (
					"$(DEVELOPER_FRAMEWORKS_DIR)",
					"$(inherited)",
				);
				GCC_PRECOMPILE_PREFIX_HEADER = YES;
				GCC_PREFIX_HEADER = "NowP!/NowP!-Prefix.pch";
				INFOPLIST_FILE = "NowP!Tests/NowP!Tests-Info.plist";
				PRODUCT_NAME = "$(TARGET_NAME)";
				TEST_HOST = "$(BUNDLE_LOADER)";
				WRAPPER_EXTENSION = xctest;
			};
			name = Release;
		};
/* End XCBuildConfiguration section */

/* Begin XCConfigurationList section */
		6D5598821959C93C00C4B156 /* Build configuration list for PBXProject "NowP!" */ = {
			isa = XCConfigurationList;
			buildConfigurations = (
				6D5598B61959C93D00C4B156 /* Debug */,
				6D5598B71959C93D00C4B156 /* Release */,
			);
			defaultConfigurationIsVisible = 0;
			defaultConfigurationName = Release;
		};
		6D5598B81959C93D00C4B156 /* Build configuration list for PBXNativeTarget "NowP!" */ = {
			isa = XCConfigurationList;
			buildConfigurations = (
				6D5598B91959C93D00C4B156 /* Debug */,
				6D5598BA1959C93D00C4B156 /* Release */,
			);
			defaultConfigurationIsVisible = 0;
			defaultConfigurationName = Release;
		};
		6D5598BB1959C93D00C4B156 /* Build configuration list for PBXNativeTarget "NowP!Tests" */ = {
			isa = XCConfigurationList;
			buildConfigurations = (
				6D5598BC1959C93D00C4B156 /* Debug */,
				6D5598BD1959C93D00C4B156 /* Release */,
			);
			defaultConfigurationIsVisible = 0;
			defaultConfigurationName = Release;
		};
/* End XCConfigurationList section */
	};
	rootObject = 6D55987F1959C93C00C4B156 /* Project object */;
}
